
Microsoft Visual Studio Solution File, Format Version 11.00
# Visual Studio 2010
Project("{FAE04EC0-301F-11D3-BF4B-00C04F79EFBC}") = "SimpleJson-Net40", "SimpleJson\SimpleJson-Net40.csproj", "{4EE1BC6A-D96B-4BD6-A6F3-2E2135AA9B99}"
EndProject
Project("{FAE04EC0-301F-11D3-BF4B-00C04F79EFBC}") = "SimpleJson-Net20", "SimpleJson\SimpleJson-Net20.csproj", "{02523326-C4CA-45B1-9C1B-2438D218A5C0}"
EndProject
Project("{FAE04EC0-301F-11D3-BF4B-00C04F79EFBC}") = "SimpleJson-Net35", "SimpleJson\SimpleJson-Net35.csproj", "{5033CD0A-483B-4E41-87A2-D0F65905B5D3}"
EndProject
Project("{FAE04EC0-301F-11D3-BF4B-00C04F79EFBC}") = "SimpleJson-SL3", "SimpleJson\SimpleJson-SL3.csproj", "{20FBB849-3BE0-48AB-BDB3-1A48F64A8077}"
EndProject
Global
	GlobalSection(SolutionConfigurationPlatforms) = preSolution
		Debug|Any CPU = Debug|Any CPU
		Release|Any CPU = Release|Any CPU
	EndGlobalSection
	GlobalSection(ProjectConfigurationPlatforms) = postSolution
		{4EE1BC6A-D96B-4BD6-A6F3-2E2135AA9B99}.Debug|Any CPU.ActiveCfg = Debug|Any CPU
		{4EE1BC6A-D96B-4BD6-A6F3-2E2135AA9B99}.Debug|Any CPU.Build.0 = Debug|Any CPU
		{4EE1BC6A-D96B-4BD6-A6F3-2E2135AA9B99}.Release|Any CPU.ActiveCfg = Release|Any CPU
		{4EE1BC6A-D96B-4BD6-A6F3-2E2135AA9B99}.Release|Any CPU.Build.0 = Release|Any CPU
		{02523326-C4CA-45B1-9C1B-2438D218A5C0}.Debug|Any CPU.ActiveCfg = Debug|Any CPU
		{02523326-C4CA-45B1-9C1B-2438D218A5C0}.Debug|Any CPU.Build.0 = Debug|Any CPU
		{02523326-C4CA-45B1-9C1B-2438D218A5C0}.Release|Any CPU.ActiveCfg = Release|Any CPU
		{02523326-C4CA-45B1-9C1B-2438D218A5C0}.Release|Any CPU.Build.0 = Release|Any CPU
		{5033CD0A-483B-4E41-87A2-D0F65905B5D3}.Debug|Any CPU.ActiveCfg = Debug|Any CPU
		{5033CD0A-483B-4E41-87A2-D0F65905B5D3}.Debug|Any CPU.Build.0 = Debug|Any CPU
		{5033CD0A-483B-4E41-87A2-D0F65905B5D3}.Release|Any CPU.ActiveCfg = Release|Any CPU
		{5033CD0A-483B-4E41-87A2-D0F65905B5D3}.Release|Any CPU.Build.0 = Release|Any CPU
		{20FBB849-3BE0-48AB-BDB3-1A48F64A8077}.Debug|Any CPU.ActiveCfg = Debug|Any CPU
		{20FBB849-3BE0-48AB-BDB3-1A48F64A8077}.Debug|Any CPU.Build.0 = Debug|Any CPU
		{20FBB849-3BE0-48AB-BDB3-1A48F64A8077}.Release|Any CPU.ActiveCfg = Release|Any CPU
		{20FBB849-3BE0-48AB-BDB3-1A48F64A8077}.Release|Any CPU.Build.0 = Release|Any CPU
	EndGlobalSection
	GlobalSection(SolutionProperties) = preSolution
		HideSolutionNode = FALSE
	EndGlobalSection
EndGlobal
