
Microsoft Visual Studio Solution File, Format Version 12.00
# Visual Studio 2013
VisualStudioVersion = 12.0.31101.0
MinimumVisualStudioVersion = 10.0.40219.1
Project("{2150E333-8FDC-42A3-9474-1A3956D46DE8}") = "Tests", "Tests", "{AEDAD4B4-9F2C-4992-8CD6-A43DFDFF7172}"
EndProject
Project("{2150E333-8FDC-42A3-9474-1A3956D46DE8}") = "Solution Items", "Solution Items", "{3A6BE2C6-039D-408B-85D8-D130BD01D6A4}"
	ProjectSection(SolutionItems) = preProject
		..\rakefile.rb = ..\rakefile.rb
		..\README.md = ..\README.md
		simplejson.script.ps1 = simplejson.script.ps1
	EndProjectSection
EndProject
Project("{FAE04EC0-301F-11D3-BF4B-00C04F79EFBC}") = "SimpleJson-Net40", "SimpleJson\SimpleJson-Net40.csproj", "{4EE1BC6A-D96B-4BD6-A6F3-2E2135AA9B99}"
EndProject
Project("{FAE04EC0-301F-11D3-BF4B-00C04F79EFBC}") = "SimpleJson-Net20", "SimpleJson\SimpleJson-Net20.csproj", "{02523326-C4CA-45B1-9C1B-2438D218A5C0}"
EndProject
Project("{FAE04EC0-301F-11D3-BF4B-00C04F79EFBC}") = "SimpleJson-Net35", "SimpleJson\SimpleJson-Net35.csproj", "{5033CD0A-483B-4E41-87A2-D0F65905B5D3}"
EndProject
Project("{FAE04EC0-301F-11D3-BF4B-00C04F79EFBC}") = "SimpleJson-SL4", "SimpleJson\SimpleJson-SL4.csproj", "{4A93FDBA-28DD-4737-B0DF-72CF0C42D962}"
EndProject
Project("{FAE04EC0-301F-11D3-BF4B-00C04F79EFBC}") = "SimpleJson-WP7", "SimpleJson\SimpleJson-WP7.csproj", "{A1116A6E-B599-4AB0-87ED-ED0F3452A7F6}"
EndProject
Project("{FAE04EC0-301F-11D3-BF4B-00C04F79EFBC}") = "SimpleJson.Tests", "SimpleJson.Tests\SimpleJson.Tests.csproj", "{A8993045-3923-488D-BCD5-F7C1F81ACDED}"
EndProject
Project("{FAE04EC0-301F-11D3-BF4B-00C04F79EFBC}") = "JsonViewer", "JsonViewer\JsonViewer.csproj", "{47BE12D4-634F-4ABC-BFEE-81DE3D40A639}"
EndProject
Project("{FAE04EC0-301F-11D3-BF4B-00C04F79EFBC}") = "SimpleJson-SL5", "SimpleJson\SimpleJson-SL5.csproj", "{F918711A-6A76-488E-8990-0F0B73E1F532}"
EndProject
Project("{FAE04EC0-301F-11D3-BF4B-00C04F79EFBC}") = "SimpleJson-Portable", "SimpleJson\SimpleJson-Portable.csproj", "{8264C25C-4195-4D37-B848-DE6A5C4F27CC}"
EndProject
Project("{FAE04EC0-301F-11D3-BF4B-00C04F79EFBC}") = "SimpleJson-Portable-NoLinqExpression", "SimpleJson\SimpleJson-Portable-NoLinqExpression.csproj", "{EC4EAFB1-A0A3-4C7B-8B38-CFEED0D6FC0A}"
EndProject
Project("{FAE04EC0-301F-11D3-BF4B-00C04F79EFBC}") = "SimpleJson-WindowsStore", "SimpleJson\SimpleJson-WindowsStore.csproj", "{95427DE1-88B5-4679-9D96-B7AC4739A7FA}"
EndProject
Project("{FAE04EC0-301F-11D3-BF4B-00C04F79EFBC}") = "SimpleJson-Net45", "SimpleJson\SimpleJson-Net45.csproj", "{19F83E93-3679-4A93-8E3B-707050A96E85}"
EndProject
Project("{FAE04EC0-301F-11D3-BF4B-00C04F79EFBC}") = "SimpleJson-WP71", "SimpleJson\SimpleJson-WP71.csproj", "{954977A1-6134-4F60-A0B7-FF041828E267}"
EndProject
Project("{FAE04EC0-301F-11D3-BF4B-00C04F79EFBC}") = "SimleJson.Tests-WindowsStore", "SimpleJson.Tests\SimleJson.Tests-WindowsStore.csproj", "{257EBC11-3373-49B2-AD05-2054E8761961}"
EndProject
Project("{FAE04EC0-301F-11D3-BF4B-00C04F79EFBC}") = "SimpleJson-Portable-WP8WinStoreNet45", "SimpleJson\SimpleJson-Portable-WP8WinStoreNet45.csproj", "{EC52A094-1CDB-4F5D-8A8A-86F501FC601C}"
EndProject
Project("{FAE04EC0-301F-11D3-BF4B-00C04F79EFBC}") = "SimpleJson-Unity", "SimpleJson\SimpleJson-Unity.csproj", "{B6DF8C2D-A8F8-4FDB-B0E5-DFEEAA76CFE6}"
EndProject
Global
	GlobalSection(SolutionConfigurationPlatforms) = preSolution
		Debug|Any CPU = Debug|Any CPU
		Debug|ARM = Debug|ARM
		Debug|Mixed Platforms = Debug|Mixed Platforms
		Debug|x64 = Debug|x64
		Debug|x86 = Debug|x86
		Release|Any CPU = Release|Any CPU
		Release|ARM = Release|ARM
		Release|Mixed Platforms = Release|Mixed Platforms
		Release|x64 = Release|x64
		Release|x86 = Release|x86
	EndGlobalSection
	GlobalSection(ProjectConfigurationPlatforms) = postSolution
		{4EE1BC6A-D96B-4BD6-A6F3-2E2135AA9B99}.Debug|Any CPU.ActiveCfg = Debug|Any CPU
		{4EE1BC6A-D96B-4BD6-A6F3-2E2135AA9B99}.Debug|Any CPU.Build.0 = Debug|Any CPU
		{4EE1BC6A-D96B-4BD6-A6F3-2E2135AA9B99}.Debug|ARM.ActiveCfg = Debug|Any CPU
		{4EE1BC6A-D96B-4BD6-A6F3-2E2135AA9B99}.Debug|Mixed Platforms.ActiveCfg = Debug|Any CPU
		{4EE1BC6A-D96B-4BD6-A6F3-2E2135AA9B99}.Debug|Mixed Platforms.Build.0 = Debug|Any CPU
		{4EE1BC6A-D96B-4BD6-A6F3-2E2135AA9B99}.Debug|x64.ActiveCfg = Debug|Any CPU
		{4EE1BC6A-D96B-4BD6-A6F3-2E2135AA9B99}.Debug|x86.ActiveCfg = Debug|Any CPU
		{4EE1BC6A-D96B-4BD6-A6F3-2E2135AA9B99}.Release|Any CPU.ActiveCfg = Release|Any CPU
		{4EE1BC6A-D96B-4BD6-A6F3-2E2135AA9B99}.Release|Any CPU.Build.0 = Release|Any CPU
		{4EE1BC6A-D96B-4BD6-A6F3-2E2135AA9B99}.Release|ARM.ActiveCfg = Release|Any CPU
		{4EE1BC6A-D96B-4BD6-A6F3-2E2135AA9B99}.Release|Mixed Platforms.ActiveCfg = Release|Any CPU
		{4EE1BC6A-D96B-4BD6-A6F3-2E2135AA9B99}.Release|Mixed Platforms.Build.0 = Release|Any CPU
		{4EE1BC6A-D96B-4BD6-A6F3-2E2135AA9B99}.Release|x64.ActiveCfg = Release|Any CPU
		{4EE1BC6A-D96B-4BD6-A6F3-2E2135AA9B99}.Release|x86.ActiveCfg = Release|Any CPU
		{02523326-C4CA-45B1-9C1B-2438D218A5C0}.Debug|Any CPU.ActiveCfg = Debug|Any CPU
		{02523326-C4CA-45B1-9C1B-2438D218A5C0}.Debug|Any CPU.Build.0 = Debug|Any CPU
		{02523326-C4CA-45B1-9C1B-2438D218A5C0}.Debug|ARM.ActiveCfg = Debug|Any CPU
		{02523326-C4CA-45B1-9C1B-2438D218A5C0}.Debug|Mixed Platforms.ActiveCfg = Debug|Any CPU
		{02523326-C4CA-45B1-9C1B-2438D218A5C0}.Debug|Mixed Platforms.Build.0 = Debug|Any CPU
		{02523326-C4CA-45B1-9C1B-2438D218A5C0}.Debug|x64.ActiveCfg = Debug|Any CPU
		{02523326-C4CA-45B1-9C1B-2438D218A5C0}.Debug|x86.ActiveCfg = Debug|Any CPU
		{02523326-C4CA-45B1-9C1B-2438D218A5C0}.Release|Any CPU.ActiveCfg = Release|Any CPU
		{02523326-C4CA-45B1-9C1B-2438D218A5C0}.Release|Any CPU.Build.0 = Release|Any CPU
		{02523326-C4CA-45B1-9C1B-2438D218A5C0}.Release|ARM.ActiveCfg = Release|Any CPU
		{02523326-C4CA-45B1-9C1B-2438D218A5C0}.Release|Mixed Platforms.ActiveCfg = Release|Any CPU
		{02523326-C4CA-45B1-9C1B-2438D218A5C0}.Release|Mixed Platforms.Build.0 = Release|Any CPU
		{02523326-C4CA-45B1-9C1B-2438D218A5C0}.Release|x64.ActiveCfg = Release|Any CPU
		{02523326-C4CA-45B1-9C1B-2438D218A5C0}.Release|x86.ActiveCfg = Release|Any CPU
		{5033CD0A-483B-4E41-87A2-D0F65905B5D3}.Debug|Any CPU.ActiveCfg = Debug|Any CPU
		{5033CD0A-483B-4E41-87A2-D0F65905B5D3}.Debug|Any CPU.Build.0 = Debug|Any CPU
		{5033CD0A-483B-4E41-87A2-D0F65905B5D3}.Debug|ARM.ActiveCfg = Debug|Any CPU
		{5033CD0A-483B-4E41-87A2-D0F65905B5D3}.Debug|Mixed Platforms.ActiveCfg = Debug|Any CPU
		{5033CD0A-483B-4E41-87A2-D0F65905B5D3}.Debug|Mixed Platforms.Build.0 = Debug|Any CPU
		{5033CD0A-483B-4E41-87A2-D0F65905B5D3}.Debug|x64.ActiveCfg = Debug|Any CPU
		{5033CD0A-483B-4E41-87A2-D0F65905B5D3}.Debug|x86.ActiveCfg = Debug|Any CPU
		{5033CD0A-483B-4E41-87A2-D0F65905B5D3}.Release|Any CPU.ActiveCfg = Release|Any CPU
		{5033CD0A-483B-4E41-87A2-D0F65905B5D3}.Release|Any CPU.Build.0 = Release|Any CPU
		{5033CD0A-483B-4E41-87A2-D0F65905B5D3}.Release|ARM.ActiveCfg = Release|Any CPU
		{5033CD0A-483B-4E41-87A2-D0F65905B5D3}.Release|Mixed Platforms.ActiveCfg = Release|Any CPU
		{5033CD0A-483B-4E41-87A2-D0F65905B5D3}.Release|Mixed Platforms.Build.0 = Release|Any CPU
		{5033CD0A-483B-4E41-87A2-D0F65905B5D3}.Release|x64.ActiveCfg = Release|Any CPU
		{5033CD0A-483B-4E41-87A2-D0F65905B5D3}.Release|x86.ActiveCfg = Release|Any CPU
		{4A93FDBA-28DD-4737-B0DF-72CF0C42D962}.Debug|Any CPU.ActiveCfg = Debug|Any CPU
		{4A93FDBA-28DD-4737-B0DF-72CF0C42D962}.Debug|Any CPU.Build.0 = Debug|Any CPU
		{4A93FDBA-28DD-4737-B0DF-72CF0C42D962}.Debug|ARM.ActiveCfg = Debug|Any CPU
		{4A93FDBA-28DD-4737-B0DF-72CF0C42D962}.Debug|Mixed Platforms.ActiveCfg = Debug|Any CPU
		{4A93FDBA-28DD-4737-B0DF-72CF0C42D962}.Debug|Mixed Platforms.Build.0 = Debug|Any CPU
		{4A93FDBA-28DD-4737-B0DF-72CF0C42D962}.Debug|x64.ActiveCfg = Debug|Any CPU
		{4A93FDBA-28DD-4737-B0DF-72CF0C42D962}.Debug|x86.ActiveCfg = Debug|Any CPU
		{4A93FDBA-28DD-4737-B0DF-72CF0C42D962}.Release|Any CPU.ActiveCfg = Release|Any CPU
		{4A93FDBA-28DD-4737-B0DF-72CF0C42D962}.Release|Any CPU.Build.0 = Release|Any CPU
		{4A93FDBA-28DD-4737-B0DF-72CF0C42D962}.Release|ARM.ActiveCfg = Release|Any CPU
		{4A93FDBA-28DD-4737-B0DF-72CF0C42D962}.Release|Mixed Platforms.ActiveCfg = Release|Any CPU
		{4A93FDBA-28DD-4737-B0DF-72CF0C42D962}.Release|Mixed Platforms.Build.0 = Release|Any CPU
		{4A93FDBA-28DD-4737-B0DF-72CF0C42D962}.Release|x64.ActiveCfg = Release|Any CPU
		{4A93FDBA-28DD-4737-B0DF-72CF0C42D962}.Release|x86.ActiveCfg = Release|Any CPU
		{A1116A6E-B599-4AB0-87ED-ED0F3452A7F6}.Debug|Any CPU.ActiveCfg = Debug|Any CPU
		{A1116A6E-B599-4AB0-87ED-ED0F3452A7F6}.Debug|Any CPU.Build.0 = Debug|Any CPU
		{A1116A6E-B599-4AB0-87ED-ED0F3452A7F6}.Debug|ARM.ActiveCfg = Debug|Any CPU
		{A1116A6E-B599-4AB0-87ED-ED0F3452A7F6}.Debug|Mixed Platforms.ActiveCfg = Debug|Any CPU
		{A1116A6E-B599-4AB0-87ED-ED0F3452A7F6}.Debug|Mixed Platforms.Build.0 = Debug|Any CPU
		{A1116A6E-B599-4AB0-87ED-ED0F3452A7F6}.Debug|x64.ActiveCfg = Debug|Any CPU
		{A1116A6E-B599-4AB0-87ED-ED0F3452A7F6}.Debug|x86.ActiveCfg = Debug|Any CPU
		{A1116A6E-B599-4AB0-87ED-ED0F3452A7F6}.Release|Any CPU.ActiveCfg = Release|Any CPU
		{A1116A6E-B599-4AB0-87ED-ED0F3452A7F6}.Release|Any CPU.Build.0 = Release|Any CPU
		{A1116A6E-B599-4AB0-87ED-ED0F3452A7F6}.Release|ARM.ActiveCfg = Release|Any CPU
		{A1116A6E-B599-4AB0-87ED-ED0F3452A7F6}.Release|Mixed Platforms.ActiveCfg = Release|Any CPU
		{A1116A6E-B599-4AB0-87ED-ED0F3452A7F6}.Release|Mixed Platforms.Build.0 = Release|Any CPU
		{A1116A6E-B599-4AB0-87ED-ED0F3452A7F6}.Release|x64.ActiveCfg = Release|Any CPU
		{A1116A6E-B599-4AB0-87ED-ED0F3452A7F6}.Release|x86.ActiveCfg = Release|Any CPU
		{A8993045-3923-488D-BCD5-F7C1F81ACDED}.Debug|Any CPU.ActiveCfg = Debug|Any CPU
		{A8993045-3923-488D-BCD5-F7C1F81ACDED}.Debug|Any CPU.Build.0 = Debug|Any CPU
		{A8993045-3923-488D-BCD5-F7C1F81ACDED}.Debug|ARM.ActiveCfg = Debug|Any CPU
		{A8993045-3923-488D-BCD5-F7C1F81ACDED}.Debug|Mixed Platforms.ActiveCfg = Debug|Any CPU
		{A8993045-3923-488D-BCD5-F7C1F81ACDED}.Debug|Mixed Platforms.Build.0 = Debug|Any CPU
		{A8993045-3923-488D-BCD5-F7C1F81ACDED}.Debug|x64.ActiveCfg = Debug|Any CPU
		{A8993045-3923-488D-BCD5-F7C1F81ACDED}.Debug|x86.ActiveCfg = Debug|Any CPU
		{A8993045-3923-488D-BCD5-F7C1F81ACDED}.Release|Any CPU.ActiveCfg = Release|Any CPU
		{A8993045-3923-488D-BCD5-F7C1F81ACDED}.Release|Any CPU.Build.0 = Release|Any CPU
		{A8993045-3923-488D-BCD5-F7C1F81ACDED}.Release|ARM.ActiveCfg = Release|Any CPU
		{A8993045-3923-488D-BCD5-F7C1F81ACDED}.Release|Mixed Platforms.ActiveCfg = Release|Any CPU
		{A8993045-3923-488D-BCD5-F7C1F81ACDED}.Release|Mixed Platforms.Build.0 = Release|Any CPU
		{A8993045-3923-488D-BCD5-F7C1F81ACDED}.Release|x64.ActiveCfg = Release|Any CPU
		{A8993045-3923-488D-BCD5-F7C1F81ACDED}.Release|x86.ActiveCfg = Release|Any CPU
		{47BE12D4-634F-4ABC-BFEE-81DE3D40A639}.Debug|Any CPU.ActiveCfg = Debug|x86
		{47BE12D4-634F-4ABC-BFEE-81DE3D40A639}.Debug|ARM.ActiveCfg = Debug|x86
		{47BE12D4-634F-4ABC-BFEE-81DE3D40A639}.Debug|Mixed Platforms.ActiveCfg = Debug|x86
		{47BE12D4-634F-4ABC-BFEE-81DE3D40A639}.Debug|Mixed Platforms.Build.0 = Debug|x86
		{47BE12D4-634F-4ABC-BFEE-81DE3D40A639}.Debug|x64.ActiveCfg = Debug|x86
		{47BE12D4-634F-4ABC-BFEE-81DE3D40A639}.Debug|x86.ActiveCfg = Debug|x86
		{47BE12D4-634F-4ABC-BFEE-81DE3D40A639}.Debug|x86.Build.0 = Debug|x86
		{47BE12D4-634F-4ABC-BFEE-81DE3D40A639}.Release|Any CPU.ActiveCfg = Release|x86
		{47BE12D4-634F-4ABC-BFEE-81DE3D40A639}.Release|ARM.ActiveCfg = Release|x86
		{47BE12D4-634F-4ABC-BFEE-81DE3D40A639}.Release|Mixed Platforms.ActiveCfg = Release|x86
		{47BE12D4-634F-4ABC-BFEE-81DE3D40A639}.Release|Mixed Platforms.Build.0 = Release|x86
		{47BE12D4-634F-4ABC-BFEE-81DE3D40A639}.Release|x64.ActiveCfg = Release|x86
		{47BE12D4-634F-4ABC-BFEE-81DE3D40A639}.Release|x86.ActiveCfg = Release|x86
		{47BE12D4-634F-4ABC-BFEE-81DE3D40A639}.Release|x86.Build.0 = Release|x86
		{F918711A-6A76-488E-8990-0F0B73E1F532}.Debug|Any CPU.ActiveCfg = Debug|Any CPU
		{F918711A-6A76-488E-8990-0F0B73E1F532}.Debug|Any CPU.Build.0 = Debug|Any CPU
		{F918711A-6A76-488E-8990-0F0B73E1F532}.Debug|ARM.ActiveCfg = Debug|Any CPU
		{F918711A-6A76-488E-8990-0F0B73E1F532}.Debug|Mixed Platforms.ActiveCfg = Debug|Any CPU
		{F918711A-6A76-488E-8990-0F0B73E1F532}.Debug|Mixed Platforms.Build.0 = Debug|Any CPU
		{F918711A-6A76-488E-8990-0F0B73E1F532}.Debug|x64.ActiveCfg = Debug|Any CPU
		{F918711A-6A76-488E-8990-0F0B73E1F532}.Debug|x86.ActiveCfg = Debug|Any CPU
		{F918711A-6A76-488E-8990-0F0B73E1F532}.Release|Any CPU.ActiveCfg = Release|Any CPU
		{F918711A-6A76-488E-8990-0F0B73E1F532}.Release|Any CPU.Build.0 = Release|Any CPU
		{F918711A-6A76-488E-8990-0F0B73E1F532}.Release|ARM.ActiveCfg = Release|Any CPU
		{F918711A-6A76-488E-8990-0F0B73E1F532}.Release|Mixed Platforms.ActiveCfg = Release|Any CPU
		{F918711A-6A76-488E-8990-0F0B73E1F532}.Release|Mixed Platforms.Build.0 = Release|Any CPU
		{F918711A-6A76-488E-8990-0F0B73E1F532}.Release|x64.ActiveCfg = Release|Any CPU
		{F918711A-6A76-488E-8990-0F0B73E1F532}.Release|x86.ActiveCfg = Release|Any CPU
		{8264C25C-4195-4D37-B848-DE6A5C4F27CC}.Debug|Any CPU.ActiveCfg = Debug|Any CPU
		{8264C25C-4195-4D37-B848-DE6A5C4F27CC}.Debug|Any CPU.Build.0 = Debug|Any CPU
		{8264C25C-4195-4D37-B848-DE6A5C4F27CC}.Debug|ARM.ActiveCfg = Debug|Any CPU
		{8264C25C-4195-4D37-B848-DE6A5C4F27CC}.Debug|Mixed Platforms.ActiveCfg = Debug|Any CPU
		{8264C25C-4195-4D37-B848-DE6A5C4F27CC}.Debug|Mixed Platforms.Build.0 = Debug|Any CPU
		{8264C25C-4195-4D37-B848-DE6A5C4F27CC}.Debug|x64.ActiveCfg = Debug|Any CPU
		{8264C25C-4195-4D37-B848-DE6A5C4F27CC}.Debug|x86.ActiveCfg = Debug|Any CPU
		{8264C25C-4195-4D37-B848-DE6A5C4F27CC}.Release|Any CPU.ActiveCfg = Release|Any CPU
		{8264C25C-4195-4D37-B848-DE6A5C4F27CC}.Release|Any CPU.Build.0 = Release|Any CPU
		{8264C25C-4195-4D37-B848-DE6A5C4F27CC}.Release|ARM.ActiveCfg = Release|Any CPU
		{8264C25C-4195-4D37-B848-DE6A5C4F27CC}.Release|Mixed Platforms.ActiveCfg = Release|Any CPU
		{8264C25C-4195-4D37-B848-DE6A5C4F27CC}.Release|Mixed Platforms.Build.0 = Release|Any CPU
		{8264C25C-4195-4D37-B848-DE6A5C4F27CC}.Release|x64.ActiveCfg = Release|Any CPU
		{8264C25C-4195-4D37-B848-DE6A5C4F27CC}.Release|x86.ActiveCfg = Release|Any CPU
		{EC4EAFB1-A0A3-4C7B-8B38-CFEED0D6FC0A}.Debug|Any CPU.ActiveCfg = Debug|Any CPU
		{EC4EAFB1-A0A3-4C7B-8B38-CFEED0D6FC0A}.Debug|Any CPU.Build.0 = Debug|Any CPU
		{EC4EAFB1-A0A3-4C7B-8B38-CFEED0D6FC0A}.Debug|ARM.ActiveCfg = Debug|Any CPU
		{EC4EAFB1-A0A3-4C7B-8B38-CFEED0D6FC0A}.Debug|Mixed Platforms.ActiveCfg = Debug|Any CPU
		{EC4EAFB1-A0A3-4C7B-8B38-CFEED0D6FC0A}.Debug|Mixed Platforms.Build.0 = Debug|Any CPU
		{EC4EAFB1-A0A3-4C7B-8B38-CFEED0D6FC0A}.Debug|x64.ActiveCfg = Debug|Any CPU
		{EC4EAFB1-A0A3-4C7B-8B38-CFEED0D6FC0A}.Debug|x86.ActiveCfg = Debug|Any CPU
		{EC4EAFB1-A0A3-4C7B-8B38-CFEED0D6FC0A}.Release|Any CPU.ActiveCfg = Release|Any CPU
		{EC4EAFB1-A0A3-4C7B-8B38-CFEED0D6FC0A}.Release|Any CPU.Build.0 = Release|Any CPU
		{EC4EAFB1-A0A3-4C7B-8B38-CFEED0D6FC0A}.Release|ARM.ActiveCfg = Release|Any CPU
		{EC4EAFB1-A0A3-4C7B-8B38-CFEED0D6FC0A}.Release|Mixed Platforms.ActiveCfg = Release|Any CPU
		{EC4EAFB1-A0A3-4C7B-8B38-CFEED0D6FC0A}.Release|Mixed Platforms.Build.0 = Release|Any CPU
		{EC4EAFB1-A0A3-4C7B-8B38-CFEED0D6FC0A}.Release|x64.ActiveCfg = Release|Any CPU
		{EC4EAFB1-A0A3-4C7B-8B38-CFEED0D6FC0A}.Release|x86.ActiveCfg = Release|Any CPU
		{95427DE1-88B5-4679-9D96-B7AC4739A7FA}.Debug|Any CPU.ActiveCfg = Debug|Any CPU
		{95427DE1-88B5-4679-9D96-B7AC4739A7FA}.Debug|Any CPU.Build.0 = Debug|Any CPU
		{95427DE1-88B5-4679-9D96-B7AC4739A7FA}.Debug|ARM.ActiveCfg = Debug|ARM
		{95427DE1-88B5-4679-9D96-B7AC4739A7FA}.Debug|ARM.Build.0 = Debug|ARM
		{95427DE1-88B5-4679-9D96-B7AC4739A7FA}.Debug|Mixed Platforms.ActiveCfg = Debug|x86
		{95427DE1-88B5-4679-9D96-B7AC4739A7FA}.Debug|Mixed Platforms.Build.0 = Debug|x86
		{95427DE1-88B5-4679-9D96-B7AC4739A7FA}.Debug|x64.ActiveCfg = Debug|x64
		{95427DE1-88B5-4679-9D96-B7AC4739A7FA}.Debug|x64.Build.0 = Debug|x64
		{95427DE1-88B5-4679-9D96-B7AC4739A7FA}.Debug|x86.ActiveCfg = Debug|x86
		{95427DE1-88B5-4679-9D96-B7AC4739A7FA}.Debug|x86.Build.0 = Debug|x86
		{95427DE1-88B5-4679-9D96-B7AC4739A7FA}.Release|Any CPU.ActiveCfg = Release|Any CPU
		{95427DE1-88B5-4679-9D96-B7AC4739A7FA}.Release|Any CPU.Build.0 = Release|Any CPU
		{95427DE1-88B5-4679-9D96-B7AC4739A7FA}.Release|ARM.ActiveCfg = Release|ARM
		{95427DE1-88B5-4679-9D96-B7AC4739A7FA}.Release|ARM.Build.0 = Release|ARM
		{95427DE1-88B5-4679-9D96-B7AC4739A7FA}.Release|Mixed Platforms.ActiveCfg = Release|x86
		{95427DE1-88B5-4679-9D96-B7AC4739A7FA}.Release|Mixed Platforms.Build.0 = Release|x86
		{95427DE1-88B5-4679-9D96-B7AC4739A7FA}.Release|x64.ActiveCfg = Release|x64
		{95427DE1-88B5-4679-9D96-B7AC4739A7FA}.Release|x64.Build.0 = Release|x64
		{95427DE1-88B5-4679-9D96-B7AC4739A7FA}.Release|x86.ActiveCfg = Release|x86
		{95427DE1-88B5-4679-9D96-B7AC4739A7FA}.Release|x86.Build.0 = Release|x86
		{19F83E93-3679-4A93-8E3B-707050A96E85}.Debug|Any CPU.ActiveCfg = Debug|Any CPU
		{19F83E93-3679-4A93-8E3B-707050A96E85}.Debug|Any CPU.Build.0 = Debug|Any CPU
		{19F83E93-3679-4A93-8E3B-707050A96E85}.Debug|ARM.ActiveCfg = Debug|Any CPU
		{19F83E93-3679-4A93-8E3B-707050A96E85}.Debug|Mixed Platforms.ActiveCfg = Debug|Any CPU
		{19F83E93-3679-4A93-8E3B-707050A96E85}.Debug|Mixed Platforms.Build.0 = Debug|Any CPU
		{19F83E93-3679-4A93-8E3B-707050A96E85}.Debug|x64.ActiveCfg = Debug|Any CPU
		{19F83E93-3679-4A93-8E3B-707050A96E85}.Debug|x86.ActiveCfg = Debug|Any CPU
		{19F83E93-3679-4A93-8E3B-707050A96E85}.Release|Any CPU.ActiveCfg = Release|Any CPU
		{19F83E93-3679-4A93-8E3B-707050A96E85}.Release|Any CPU.Build.0 = Release|Any CPU
		{19F83E93-3679-4A93-8E3B-707050A96E85}.Release|ARM.ActiveCfg = Release|Any CPU
		{19F83E93-3679-4A93-8E3B-707050A96E85}.Release|Mixed Platforms.ActiveCfg = Release|Any CPU
		{19F83E93-3679-4A93-8E3B-707050A96E85}.Release|Mixed Platforms.Build.0 = Release|Any CPU
		{19F83E93-3679-4A93-8E3B-707050A96E85}.Release|x64.ActiveCfg = Release|Any CPU
		{19F83E93-3679-4A93-8E3B-707050A96E85}.Release|x86.ActiveCfg = Release|Any CPU
		{954977A1-6134-4F60-A0B7-FF041828E267}.Debug|Any CPU.ActiveCfg = Debug|Any CPU
		{954977A1-6134-4F60-A0B7-FF041828E267}.Debug|Any CPU.Build.0 = Debug|Any CPU
		{954977A1-6134-4F60-A0B7-FF041828E267}.Debug|ARM.ActiveCfg = Debug|Any CPU
		{954977A1-6134-4F60-A0B7-FF041828E267}.Debug|Mixed Platforms.ActiveCfg = Debug|Any CPU
		{954977A1-6134-4F60-A0B7-FF041828E267}.Debug|Mixed Platforms.Build.0 = Debug|Any CPU
		{954977A1-6134-4F60-A0B7-FF041828E267}.Debug|x64.ActiveCfg = Debug|Any CPU
		{954977A1-6134-4F60-A0B7-FF041828E267}.Debug|x86.ActiveCfg = Debug|Any CPU
		{954977A1-6134-4F60-A0B7-FF041828E267}.Release|Any CPU.ActiveCfg = Release|Any CPU
		{954977A1-6134-4F60-A0B7-FF041828E267}.Release|Any CPU.Build.0 = Release|Any CPU
		{954977A1-6134-4F60-A0B7-FF041828E267}.Release|ARM.ActiveCfg = Release|Any CPU
		{954977A1-6134-4F60-A0B7-FF041828E267}.Release|Mixed Platforms.ActiveCfg = Release|Any CPU
		{954977A1-6134-4F60-A0B7-FF041828E267}.Release|Mixed Platforms.Build.0 = Release|Any CPU
		{954977A1-6134-4F60-A0B7-FF041828E267}.Release|x64.ActiveCfg = Release|Any CPU
		{954977A1-6134-4F60-A0B7-FF041828E267}.Release|x86.ActiveCfg = Release|Any CPU
		{257EBC11-3373-49B2-AD05-2054E8761961}.Debug|Any CPU.ActiveCfg = Debug|Any CPU
		{257EBC11-3373-49B2-AD05-2054E8761961}.Debug|Any CPU.Build.0 = Debug|Any CPU
		{257EBC11-3373-49B2-AD05-2054E8761961}.Debug|Any CPU.Deploy.0 = Debug|Any CPU
		{257EBC11-3373-49B2-AD05-2054E8761961}.Debug|ARM.ActiveCfg = Debug|ARM
		{257EBC11-3373-49B2-AD05-2054E8761961}.Debug|ARM.Build.0 = Debug|ARM
		{257EBC11-3373-49B2-AD05-2054E8761961}.Debug|ARM.Deploy.0 = Debug|ARM
		{257EBC11-3373-49B2-AD05-2054E8761961}.Debug|Mixed Platforms.ActiveCfg = Debug|x86
		{257EBC11-3373-49B2-AD05-2054E8761961}.Debug|Mixed Platforms.Build.0 = Debug|x86
		{257EBC11-3373-49B2-AD05-2054E8761961}.Debug|Mixed Platforms.Deploy.0 = Debug|x86
		{257EBC11-3373-49B2-AD05-2054E8761961}.Debug|x64.ActiveCfg = Debug|x64
		{257EBC11-3373-49B2-AD05-2054E8761961}.Debug|x64.Build.0 = Debug|x64
		{257EBC11-3373-49B2-AD05-2054E8761961}.Debug|x64.Deploy.0 = Debug|x64
		{257EBC11-3373-49B2-AD05-2054E8761961}.Debug|x86.ActiveCfg = Debug|x86
		{257EBC11-3373-49B2-AD05-2054E8761961}.Debug|x86.Build.0 = Debug|x86
		{257EBC11-3373-49B2-AD05-2054E8761961}.Debug|x86.Deploy.0 = Debug|x86
		{257EBC11-3373-49B2-AD05-2054E8761961}.Release|Any CPU.ActiveCfg = Release|Any CPU
		{257EBC11-3373-49B2-AD05-2054E8761961}.Release|Any CPU.Build.0 = Release|Any CPU
		{257EBC11-3373-49B2-AD05-2054E8761961}.Release|Any CPU.Deploy.0 = Release|Any CPU
		{257EBC11-3373-49B2-AD05-2054E8761961}.Release|ARM.ActiveCfg = Release|ARM
		{257EBC11-3373-49B2-AD05-2054E8761961}.Release|ARM.Build.0 = Release|ARM
		{257EBC11-3373-49B2-AD05-2054E8761961}.Release|ARM.Deploy.0 = Release|ARM
		{257EBC11-3373-49B2-AD05-2054E8761961}.Release|Mixed Platforms.ActiveCfg = Release|x86
		{257EBC11-3373-49B2-AD05-2054E8761961}.Release|Mixed Platforms.Build.0 = Release|x86
		{257EBC11-3373-49B2-AD05-2054E8761961}.Release|Mixed Platforms.Deploy.0 = Release|x86
		{257EBC11-3373-49B2-AD05-2054E8761961}.Release|x64.ActiveCfg = Release|x64
		{257EBC11-3373-49B2-AD05-2054E8761961}.Release|x64.Build.0 = Release|x64
		{257EBC11-3373-49B2-AD05-2054E8761961}.Release|x64.Deploy.0 = Release|x64
		{257EBC11-3373-49B2-AD05-2054E8761961}.Release|x86.ActiveCfg = Release|x86
		{257EBC11-3373-49B2-AD05-2054E8761961}.Release|x86.Build.0 = Release|x86
		{257EBC11-3373-49B2-AD05-2054E8761961}.Release|x86.Deploy.0 = Release|x86
		{EC52A094-1CDB-4F5D-8A8A-86F501FC601C}.Debug|Any CPU.ActiveCfg = Debug|Any CPU
		{EC52A094-1CDB-4F5D-8A8A-86F501FC601C}.Debug|Any CPU.Build.0 = Debug|Any CPU
		{EC52A094-1CDB-4F5D-8A8A-86F501FC601C}.Debug|ARM.ActiveCfg = Debug|Any CPU
		{EC52A094-1CDB-4F5D-8A8A-86F501FC601C}.Debug|Mixed Platforms.ActiveCfg = Debug|Any CPU
		{EC52A094-1CDB-4F5D-8A8A-86F501FC601C}.Debug|Mixed Platforms.Build.0 = Debug|Any CPU
		{EC52A094-1CDB-4F5D-8A8A-86F501FC601C}.Debug|x64.ActiveCfg = Debug|Any CPU
		{EC52A094-1CDB-4F5D-8A8A-86F501FC601C}.Debug|x86.ActiveCfg = Debug|Any CPU
		{EC52A094-1CDB-4F5D-8A8A-86F501FC601C}.Release|Any CPU.ActiveCfg = Release|Any CPU
		{EC52A094-1CDB-4F5D-8A8A-86F501FC601C}.Release|Any CPU.Build.0 = Release|Any CPU
		{EC52A094-1CDB-4F5D-8A8A-86F501FC601C}.Release|ARM.ActiveCfg = Release|Any CPU
		{EC52A094-1CDB-4F5D-8A8A-86F501FC601C}.Release|Mixed Platforms.ActiveCfg = Release|Any CPU
		{EC52A094-1CDB-4F5D-8A8A-86F501FC601C}.Release|Mixed Platforms.Build.0 = Release|Any CPU
		{EC52A094-1CDB-4F5D-8A8A-86F501FC601C}.Release|x64.ActiveCfg = Release|Any CPU
		{EC52A094-1CDB-4F5D-8A8A-86F501FC601C}.Release|x86.ActiveCfg = Release|Any CPU
		{B6DF8C2D-A8F8-4FDB-B0E5-DFEEAA76CFE6}.Debug|Any CPU.ActiveCfg = Debug|Any CPU
		{B6DF8C2D-A8F8-4FDB-B0E5-DFEEAA76CFE6}.Debug|Any CPU.Build.0 = Debug|Any CPU
		{B6DF8C2D-A8F8-4FDB-B0E5-DFEEAA76CFE6}.Debug|ARM.ActiveCfg = Debug|Any CPU
		{B6DF8C2D-A8F8-4FDB-B0E5-DFEEAA76CFE6}.Debug|Mixed Platforms.ActiveCfg = Debug|Any CPU
		{B6DF8C2D-A8F8-4FDB-B0E5-DFEEAA76CFE6}.Debug|Mixed Platforms.Build.0 = Debug|Any CPU
		{B6DF8C2D-A8F8-4FDB-B0E5-DFEEAA76CFE6}.Debug|x64.ActiveCfg = Debug|Any CPU
		{B6DF8C2D-A8F8-4FDB-B0E5-DFEEAA76CFE6}.Debug|x86.ActiveCfg = Debug|Any CPU
		{B6DF8C2D-A8F8-4FDB-B0E5-DFEEAA76CFE6}.Release|Any CPU.ActiveCfg = Release|Any CPU
		{B6DF8C2D-A8F8-4FDB-B0E5-DFEEAA76CFE6}.Release|Any CPU.Build.0 = Release|Any CPU
		{B6DF8C2D-A8F8-4FDB-B0E5-DFEEAA76CFE6}.Release|ARM.ActiveCfg = Release|Any CPU
		{B6DF8C2D-A8F8-4FDB-B0E5-DFEEAA76CFE6}.Release|Mixed Platforms.ActiveCfg = Release|Any CPU
		{B6DF8C2D-A8F8-4FDB-B0E5-DFEEAA76CFE6}.Release|Mixed Platforms.Build.0 = Release|Any CPU
		{B6DF8C2D-A8F8-4FDB-B0E5-DFEEAA76CFE6}.Release|x64.ActiveCfg = Release|Any CPU
		{B6DF8C2D-A8F8-4FDB-B0E5-DFEEAA76CFE6}.Release|x86.ActiveCfg = Release|Any CPU
	EndGlobalSection
	GlobalSection(SolutionProperties) = preSolution
		HideSolutionNode = FALSE
	EndGlobalSection
	GlobalSection(NestedProjects) = preSolution
		{A8993045-3923-488D-BCD5-F7C1F81ACDED} = {AEDAD4B4-9F2C-4992-8CD6-A43DFDFF7172}
		{257EBC11-3373-49B2-AD05-2054E8761961} = {AEDAD4B4-9F2C-4992-8CD6-A43DFDFF7172}
	EndGlobalSection
EndGlobal
