
Microsoft Visual Studio Solution File, Format Version 12.00
# Visual Studio 11
Project("{FAE04EC0-301F-11D3-BF4B-00C04F79EFBC}") = "SimpleJson-WinRT", "SimpleJson\SimpleJson-WinRT.csproj", "{FFE44268-471B-4F55-9612-3367F5544F7E}"
EndProject
Project("{FAE04EC0-301F-11D3-BF4B-00C04F79EFBC}") = "SimpleJson-WinRT-Tests", "SimpleJson-WinRT-Tests\SimpleJson-WinRT-Tests.csproj", "{EFC14BFF-DC50-4AF9-B78B-E55FD6ED2C4F}"
EndProject
Global
	GlobalSection(SolutionConfigurationPlatforms) = preSolution
		Debug|Any CPU = Debug|Any CPU
		Debug|Mixed Platforms = Debug|Mixed Platforms
		Debug|x86 = Debug|x86
		Release|Any CPU = Release|Any CPU
		Release|Mixed Platforms = Release|Mixed Platforms
		Release|x86 = Release|x86
	EndGlobalSection
	GlobalSection(ProjectConfigurationPlatforms) = postSolution
		{EFC14BFF-DC50-4AF9-B78B-E55FD6ED2C4F}.Debug|Any CPU.ActiveCfg = Debug|Any CPU
		{EFC14BFF-DC50-4AF9-B78B-E55FD6ED2C4F}.Debug|Any CPU.Build.0 = Debug|Any CPU
		{EFC14BFF-DC50-4AF9-B78B-E55FD6ED2C4F}.Debug|Any CPU.Deploy.0 = Debug|Any CPU
		{EFC14BFF-DC50-4AF9-B78B-E55FD6ED2C4F}.Debug|Mixed Platforms.ActiveCfg = Debug|Any CPU
		{EFC14BFF-DC50-4AF9-B78B-E55FD6ED2C4F}.Debug|Mixed Platforms.Build.0 = Debug|Any CPU
		{EFC14BFF-DC50-4AF9-B78B-E55FD6ED2C4F}.Debug|Mixed Platforms.Deploy.0 = Debug|Any CPU
		{EFC14BFF-DC50-4AF9-B78B-E55FD6ED2C4F}.Debug|x86.ActiveCfg = Debug|Any CPU
		{EFC14BFF-DC50-4AF9-B78B-E55FD6ED2C4F}.Release|Any CPU.ActiveCfg = Release|Any CPU
		{EFC14BFF-DC50-4AF9-B78B-E55FD6ED2C4F}.Release|Any CPU.Build.0 = Release|Any CPU
		{EFC14BFF-DC50-4AF9-B78B-E55FD6ED2C4F}.Release|Any CPU.Deploy.0 = Release|Any CPU
		{EFC14BFF-DC50-4AF9-B78B-E55FD6ED2C4F}.Release|Mixed Platforms.ActiveCfg = Release|Any CPU
		{EFC14BFF-DC50-4AF9-B78B-E55FD6ED2C4F}.Release|Mixed Platforms.Build.0 = Release|Any CPU
		{EFC14BFF-DC50-4AF9-B78B-E55FD6ED2C4F}.Release|Mixed Platforms.Deploy.0 = Release|Any CPU
		{EFC14BFF-DC50-4AF9-B78B-E55FD6ED2C4F}.Release|x86.ActiveCfg = Release|Any CPU
		{FFE44268-471B-4F55-9612-3367F5544F7E}.Debug|Any CPU.ActiveCfg = Debug|Any CPU
		{FFE44268-471B-4F55-9612-3367F5544F7E}.Debug|Any CPU.Build.0 = Debug|Any CPU
		{FFE44268-471B-4F55-9612-3367F5544F7E}.Debug|Mixed Platforms.ActiveCfg = Debug|Any CPU
		{FFE44268-471B-4F55-9612-3367F5544F7E}.Debug|Mixed Platforms.Build.0 = Debug|Any CPU
		{FFE44268-471B-4F55-9612-3367F5544F7E}.Debug|x86.ActiveCfg = Debug|Any CPU
		{FFE44268-471B-4F55-9612-3367F5544F7E}.Release|Any CPU.ActiveCfg = Release|Any CPU
		{FFE44268-471B-4F55-9612-3367F5544F7E}.Release|Any CPU.Build.0 = Release|Any CPU
		{FFE44268-471B-4F55-9612-3367F5544F7E}.Release|Mixed Platforms.ActiveCfg = Release|Any CPU
		{FFE44268-471B-4F55-9612-3367F5544F7E}.Release|Mixed Platforms.Build.0 = Release|Any CPU
		{FFE44268-471B-4F55-9612-3367F5544F7E}.Release|x86.ActiveCfg = Release|Any CPU
	EndGlobalSection
	GlobalSection(SolutionProperties) = preSolution
		HideSolutionNode = FALSE
	EndGlobalSection
EndGlobal
